// !$*UTF8*$!
{
	archiveVersion = 1;
	classes = {
	};
	objectVersion = 45;
	objects = {

/* Begin PBXBuildFile section */
		1D3623260D0F684500981E51 /* FlameTouchAppDelegate.m in Sources */ = {isa = PBXBuildFile; fileRef = 1D3623250D0F684500981E51 /* FlameTouchAppDelegate.m */; };
		1D60589B0D05DD56006BFB54 /* main.m in Sources */ = {isa = PBXBuildFile; fileRef = 29B97316FDCFA39411CA2CEA /* main.m */; };
		1D60589F0D05DD5A006BFB54 /* Foundation.framework in Frameworks */ = {isa = PBXBuildFile; fileRef = 1D30AB110D05D00D00671497 /* Foundation.framework */; };
		1DF5F4E00D08C38300B7A737 /* UIKit.framework in Frameworks */ = {isa = PBXBuildFile; fileRef = 1DF5F4DF0D08C38300B7A737 /* UIKit.framework */; };
		2892E4100DC94CBA00A64D0F /* CoreGraphics.framework in Frameworks */ = {isa = PBXBuildFile; fileRef = 2892E40F0DC94CBA00A64D0F /* CoreGraphics.framework */; };
		28C286E10D94DF7D0034E888 /* RootViewController.m in Sources */ = {isa = PBXBuildFile; fileRef = 28C286E00D94DF7D0034E888 /* RootViewController.m */; };
		6C296B0E1042CF7A00D84978 /* about.css in Resources */ = {isa = PBXBuildFile; fileRef = 6C296B0D1042CF7A00D84978 /* about.css */; };
		6C2C5CDE1069602900A90A54 /* ServiceURLs.plist in Resources */ = {isa = PBXBuildFile; fileRef = 6C2C5CDD1069602900A90A54 /* ServiceURLs.plist */; };
		6C9CB34C103DBE9400D2FDEA /* MainWindow.xib in Resources */ = {isa = PBXBuildFile; fileRef = 28AD735F0D9D9599002E5188 /* MainWindow.xib */; };
		6CA160131020BCA700ADCEB0 /* ServiceType.m in Sources */ = {isa = PBXBuildFile; fileRef = 6CA160121020BCA700ADCEB0 /* ServiceType.m */; };
		6CCD4F0411DC8020005A08CD /* Icon_57@2x.png in Resources */ = {isa = PBXBuildFile; fileRef = 6CCD4F0311DC8020005A08CD /* Icon_57@2x.png */; };
		6CCD4F0A11DC802F005A08CD /* iPhone-Portrait@2x.png in Resources */ = {isa = PBXBuildFile; fileRef = 6CCD4F0711DC802F005A08CD /* iPhone-Portrait@2x.png */; };
		6CCD51FB11DDD7AF005A08CD /* flame_256x256.png in Resources */ = {isa = PBXBuildFile; fileRef = 6CCD51FA11DDD7AF005A08CD /* flame_256x256.png */; };
		6CE234C0103C781200DAE0F3 /* ServiceNames.strings in Resources */ = {isa = PBXBuildFile; fileRef = 6CE234BF103C781200DAE0F3 /* ServiceNames.strings */; };
		6CE235AE103C986600DAE0F3 /* Localizable.strings in Resources */ = {isa = PBXBuildFile; fileRef = 6CE235AC103C986600DAE0F3 /* Localizable.strings */; };
		6CE235FF103CAD7400DAE0F3 /* about.html in Resources */ = {isa = PBXBuildFile; fileRef = 6CE235FD103CAD7400DAE0F3 /* about.html */; };
		E60D15190EDDC2EB0054FB36 /* NSNetService+FlameExtras.m in Sources */ = {isa = PBXBuildFile; fileRef = E60D15180EDDC2EB0054FB36 /* NSNetService+FlameExtras.m */; };
		E6613AF510177E3500EA7A4A /* iPhone-Portrait.png in Resources */ = {isa = PBXBuildFile; fileRef = E6613AF410177E3500EA7A4A /* iPhone-Portrait.png */; };
		E6613B911017996800EA7A4A /* SystemConfiguration.framework in Frameworks */ = {isa = PBXBuildFile; fileRef = E6613B901017996800EA7A4A /* SystemConfiguration.framework */; };
		E6613BA710179C8100EA7A4A /* Reachability.m in Sources */ = {isa = PBXBuildFile; fileRef = E6613BA610179C8100EA7A4A /* Reachability.m */; };
		E6613C9D10183F2800EA7A4A /* AboutViewController.m in Sources */ = {isa = PBXBuildFile; fileRef = E6613C9C10183F2800EA7A4A /* AboutViewController.m */; };
		E667F0DC11DE3BED007EBBA6 /* CustomTableCell.m in Sources */ = {isa = PBXBuildFile; fileRef = E667F0DB11DE3BED007EBBA6 /* CustomTableCell.m */; };
		E6761B700EDB15F600E40B14 /* Host.m in Sources */ = {isa = PBXBuildFile; fileRef = E6761B6F0EDB15F600E40B14 /* Host.m */; };
		E6761BB60EDB1A9A00E40B14 /* ServiceViewController.m in Sources */ = {isa = PBXBuildFile; fileRef = E6761BB50EDB1A9A00E40B14 /* ServiceViewController.m */; };
		E67D11AA11DBB75500F6234B /* iPad-Portrait.png in Resources */ = {isa = PBXBuildFile; fileRef = E67D11A811DBB75500F6234B /* iPad-Portrait.png */; };
		E67D11AB11DBB75500F6234B /* iPad-Landscape.png in Resources */ = {isa = PBXBuildFile; fileRef = E67D11A911DBB75500F6234B /* iPad-Landscape.png */; };
		E67D120B11DBC5A500F6234B /* Icon_29.png in Resources */ = {isa = PBXBuildFile; fileRef = E67D120411DBC5A500F6234B /* Icon_29.png */; };
		E67D120C11DBC5A500F6234B /* Icon_50.png in Resources */ = {isa = PBXBuildFile; fileRef = E67D120511DBC5A500F6234B /* Icon_50.png */; };
		E67D120D11DBC5A500F6234B /* Icon_57.png in Resources */ = {isa = PBXBuildFile; fileRef = E67D120611DBC5A500F6234B /* Icon_57.png */; };
		E67D120E11DBC5A500F6234B /* Icon_72.png in Resources */ = {isa = PBXBuildFile; fileRef = E67D120711DBC5A500F6234B /* Icon_72.png */; };
		E6AAAFCE0FF521BF0042220A /* ServiceDetailViewController.m in Sources */ = {isa = PBXBuildFile; fileRef = E6AAAFCD0FF521BF0042220A /* ServiceDetailViewController.m */; };
		E6AC9312117734D900E60301 /* MainWindow-iPad.xib in Resources */ = {isa = PBXBuildFile; fileRef = E6AC9311117734D900E60301 /* MainWindow-iPad.xib */; };
		E6BBD9B60FF4DAB400077E5E /* Entitlements.plist in Resources */ = {isa = PBXBuildFile; fileRef = E6BBD9B50FF4DAB400077E5E /* Entitlements.plist */; };
		E6C626191068D21D00847E99 /* LICENSE in Resources */ = {isa = PBXBuildFile; fileRef = E6C626181068D21D00847E99 /* LICENSE */; };
/* End PBXBuildFile section */

/* Begin PBXFileReference section */
		1D30AB110D05D00D00671497 /* Foundation.framework */ = {isa = PBXFileReference; lastKnownFileType = wrapper.framework; name = Foundation.framework; path = System/Library/Frameworks/Foundation.framework; sourceTree = SDKROOT; };
		1D3623240D0F684500981E51 /* FlameTouchAppDelegate.h */ = {isa = PBXFileReference; fileEncoding = 4; lastKnownFileType = sourcecode.c.h; path = FlameTouchAppDelegate.h; sourceTree = "<group>"; };
		1D3623250D0F684500981E51 /* FlameTouchAppDelegate.m */ = {isa = PBXFileReference; fileEncoding = 4; lastKnownFileType = sourcecode.c.objc; path = FlameTouchAppDelegate.m; sourceTree = "<group>"; };
		1D6058910D05DD3D006BFB54 /* Flame.app */ = {isa = PBXFileReference; explicitFileType = wrapper.application; includeInIndex = 0; path = Flame.app; sourceTree = BUILT_PRODUCTS_DIR; };
		1DF5F4DF0D08C38300B7A737 /* UIKit.framework */ = {isa = PBXFileReference; lastKnownFileType = wrapper.framework; name = UIKit.framework; path = System/Library/Frameworks/UIKit.framework; sourceTree = SDKROOT; };
		2892E40F0DC94CBA00A64D0F /* CoreGraphics.framework */ = {isa = PBXFileReference; lastKnownFileType = wrapper.framework; name = CoreGraphics.framework; path = System/Library/Frameworks/CoreGraphics.framework; sourceTree = SDKROOT; };
		28A0AAE50D9B0CCF005BE974 /* FlameTouch_Prefix.pch */ = {isa = PBXFileReference; fileEncoding = 4; lastKnownFileType = sourcecode.c.h; path = FlameTouch_Prefix.pch; sourceTree = "<group>"; };
		28AD735F0D9D9599002E5188 /* MainWindow.xib */ = {isa = PBXFileReference; lastKnownFileType = file.xib; name = MainWindow.xib; path = "Resources-iPhone/MainWindow.xib"; sourceTree = "<group>"; };
		28C286DF0D94DF7D0034E888 /* RootViewController.h */ = {isa = PBXFileReference; fileEncoding = 4; lastKnownFileType = sourcecode.c.h; path = RootViewController.h; sourceTree = "<group>"; };
		28C286E00D94DF7D0034E888 /* RootViewController.m */ = {isa = PBXFileReference; fileEncoding = 4; lastKnownFileType = sourcecode.c.objc; path = RootViewController.m; sourceTree = "<group>"; };
		29B97316FDCFA39411CA2CEA /* main.m */ = {isa = PBXFileReference; fileEncoding = 4; lastKnownFileType = sourcecode.c.objc; path = main.m; sourceTree = "<group>"; };
		6C0DA533111AD7CB0087122A /* Ideas */ = {isa = PBXFileReference; fileEncoding = 4; lastKnownFileType = text; path = Ideas; sourceTree = "<group>"; };
		6C296B0D1042CF7A00D84978 /* about.css */ = {isa = PBXFileReference; fileEncoding = 4; lastKnownFileType = text.css; path = about.css; sourceTree = "<group>"; };
		6C2C5CDD1069602900A90A54 /* ServiceURLs.plist */ = {isa = PBXFileReference; fileEncoding = 4; lastKnownFileType = text.plist.xml; path = ServiceURLs.plist; sourceTree = "<group>"; };
		6C36437D1040253D00DF2197 /* fr */ = {isa = PBXFileReference; fileEncoding = 4; lastKnownFileType = text.plist.strings; name = fr; path = fr.lproj/ServiceNames.strings; sourceTree = "<group>"; };
		6C9CB30D103DB98A00D2FDEA /* fr */ = {isa = PBXFileReference; fileEncoding = 4; lastKnownFileType = text.plist.strings; name = fr; path = fr.lproj/Localizable.strings; sourceTree = "<group>"; };
		6C9CB33A103DBD3900D2FDEA /* fr */ = {isa = PBXFileReference; fileEncoding = 4; lastKnownFileType = text.html; name = fr; path = fr.lproj/about.html; sourceTree = "<group>"; };
		6CA160111020BCA700ADCEB0 /* ServiceType.h */ = {isa = PBXFileReference; fileEncoding = 4; lastKnownFileType = sourcecode.c.h; path = ServiceType.h; sourceTree = "<group>"; };
		6CA160121020BCA700ADCEB0 /* ServiceType.m */ = {isa = PBXFileReference; fileEncoding = 4; lastKnownFileType = sourcecode.c.objc; path = ServiceType.m; sourceTree = "<group>"; };
		6CCD4F0311DC8020005A08CD /* Icon_57@2x.png */ = {isa = PBXFileReference; lastKnownFileType = image.png; path = "Icon_57@2x.png"; sourceTree = "<group>"; };
		6CCD4F0711DC802F005A08CD /* iPhone-Portrait@2x.png */ = {isa = PBXFileReference; lastKnownFileType = image.png; name = "iPhone-Portrait@2x.png"; path = "Resources-iPhone/iPhone-Portrait@2x.png"; sourceTree = "<group>"; };
		6CCD51F911DDD7A9005A08CD /* flame.psd */ = {isa = PBXFileReference; lastKnownFileType = file; path = flame.psd; sourceTree = "<group>"; };
		6CCD51FA11DDD7AF005A08CD /* flame_256x256.png */ = {isa = PBXFileReference; lastKnownFileType = image.png; path = flame_256x256.png; sourceTree = "<group>"; };
		6CE234C1103C782400DAE0F3 /* en */ = {isa = PBXFileReference; fileEncoding = 4; lastKnownFileType = text.plist.strings; name = en; path = en.lproj/ServiceNames.strings; sourceTree = "<group>"; };
		6CE234C2103C782700DAE0F3 /* de */ = {isa = PBXFileReference; fileEncoding = 4; lastKnownFileType = text.plist.strings; name = de; path = de.lproj/ServiceNames.strings; sourceTree = "<group>"; };
		6CE235AD103C986600DAE0F3 /* en */ = {isa = PBXFileReference; fileEncoding = 4; lastKnownFileType = text.plist.strings; name = en; path = en.lproj/Localizable.strings; sourceTree = "<group>"; };
		6CE235B2103C98A900DAE0F3 /* de */ = {isa = PBXFileReference; fileEncoding = 4; lastKnownFileType = text.plist.strings; name = de; path = de.lproj/Localizable.strings; sourceTree = "<group>"; };
		6CE235FE103CAD7400DAE0F3 /* en */ = {isa = PBXFileReference; fileEncoding = 4; lastKnownFileType = text.html; name = en; path = en.lproj/about.html; sourceTree = "<group>"; };
		6CE23600103CAD7E00DAE0F3 /* de */ = {isa = PBXFileReference; fileEncoding = 4; lastKnownFileType = text.html; name = de; path = de.lproj/about.html; sourceTree = "<group>"; };
		8D1107310486CEB800E47090 /* Info.plist */ = {isa = PBXFileReference; fileEncoding = 4; lastKnownFileType = text.plist.xml; path = Info.plist; sourceTree = "<group>"; };
		E60D15170EDDC2EB0054FB36 /* NSNetService+FlameExtras.h */ = {isa = PBXFileReference; fileEncoding = 4; lastKnownFileType = sourcecode.c.h; path = "NSNetService+FlameExtras.h"; sourceTree = "<group>"; };
		E60D15180EDDC2EB0054FB36 /* NSNetService+FlameExtras.m */ = {isa = PBXFileReference; fileEncoding = 4; lastKnownFileType = sourcecode.c.objc; path = "NSNetService+FlameExtras.m"; sourceTree = "<group>"; };
		E6613AF410177E3500EA7A4A /* iPhone-Portrait.png */ = {isa = PBXFileReference; lastKnownFileType = image.png; name = "iPhone-Portrait.png"; path = "Resources-iPhone/iPhone-Portrait.png"; sourceTree = "<group>"; };
		E6613B901017996800EA7A4A /* SystemConfiguration.framework */ = {isa = PBXFileReference; lastKnownFileType = wrapper.framework; name = SystemConfiguration.framework; path = System/Library/Frameworks/SystemConfiguration.framework; sourceTree = SDKROOT; };
		E6613BA510179C8100EA7A4A /* Reachability.h */ = {isa = PBXFileReference; fileEncoding = 4; lastKnownFileType = sourcecode.c.h; name = Reachability.h; path = Vendor/Reachability.h; sourceTree = "<group>"; };
		E6613BA610179C8100EA7A4A /* Reachability.m */ = {isa = PBXFileReference; fileEncoding = 4; lastKnownFileType = sourcecode.c.objc; name = Reachability.m; path = Vendor/Reachability.m; sourceTree = "<group>"; };
		E6613C9B10183F2800EA7A4A /* AboutViewController.h */ = {isa = PBXFileReference; fileEncoding = 4; lastKnownFileType = sourcecode.c.h; path = AboutViewController.h; sourceTree = "<group>"; };
		E6613C9C10183F2800EA7A4A /* AboutViewController.m */ = {isa = PBXFileReference; fileEncoding = 4; lastKnownFileType = sourcecode.c.objc; path = AboutViewController.m; sourceTree = "<group>"; };
		E667F0DA11DE3BED007EBBA6 /* CustomTableCell.h */ = {isa = PBXFileReference; fileEncoding = 4; lastKnownFileType = sourcecode.c.h; path = CustomTableCell.h; sourceTree = "<group>"; };
		E667F0DB11DE3BED007EBBA6 /* CustomTableCell.m */ = {isa = PBXFileReference; fileEncoding = 4; lastKnownFileType = sourcecode.c.objc; path = CustomTableCell.m; sourceTree = "<group>"; };
		E6761B6E0EDB15F600E40B14 /* Host.h */ = {isa = PBXFileReference; fileEncoding = 4; lastKnownFileType = sourcecode.c.h; path = Host.h; sourceTree = "<group>"; };
		E6761B6F0EDB15F600E40B14 /* Host.m */ = {isa = PBXFileReference; fileEncoding = 4; lastKnownFileType = sourcecode.c.objc; path = Host.m; sourceTree = "<group>"; };
		E6761BB40EDB1A9A00E40B14 /* ServiceViewController.h */ = {isa = PBXFileReference; fileEncoding = 4; lastKnownFileType = sourcecode.c.h; path = ServiceViewController.h; sourceTree = "<group>"; };
		E6761BB50EDB1A9A00E40B14 /* ServiceViewController.m */ = {isa = PBXFileReference; fileEncoding = 4; lastKnownFileType = sourcecode.c.objc; path = ServiceViewController.m; sourceTree = "<group>"; };
		E67D11A811DBB75500F6234B /* iPad-Portrait.png */ = {isa = PBXFileReference; lastKnownFileType = image.png; name = "iPad-Portrait.png"; path = "Resources-iPad/iPad-Portrait.png"; sourceTree = "<group>"; };
		E67D11A911DBB75500F6234B /* iPad-Landscape.png */ = {isa = PBXFileReference; lastKnownFileType = image.png; name = "iPad-Landscape.png"; path = "Resources-iPad/iPad-Landscape.png"; sourceTree = "<group>"; };
		E67D120111DBC5A500F6234B /* flame_128x128.png */ = {isa = PBXFileReference; lastKnownFileType = image.png; path = flame_128x128.png; sourceTree = "<group>"; };
		E67D120211DBC5A500F6234B /* flame_square.psd */ = {isa = PBXFileReference; lastKnownFileType = file; path = flame_square.psd; sourceTree = "<group>"; };
		E67D120311DBC5A500F6234B /* flame_square_512.png */ = {isa = PBXFileReference; lastKnownFileType = image.png; path = flame_square_512.png; sourceTree = "<group>"; };
		E67D120411DBC5A500F6234B /* Icon_29.png */ = {isa = PBXFileReference; lastKnownFileType = image.png; path = Icon_29.png; sourceTree = "<group>"; };
		E67D120511DBC5A500F6234B /* Icon_50.png */ = {isa = PBXFileReference; lastKnownFileType = image.png; path = Icon_50.png; sourceTree = "<group>"; };
		E67D120611DBC5A500F6234B /* Icon_57.png */ = {isa = PBXFileReference; lastKnownFileType = image.png; path = Icon_57.png; sourceTree = "<group>"; };
		E67D120711DBC5A500F6234B /* Icon_72.png */ = {isa = PBXFileReference; lastKnownFileType = image.png; path = Icon_72.png; sourceTree = "<group>"; };
		E6AAAFCC0FF521BF0042220A /* ServiceDetailViewController.h */ = {isa = PBXFileReference; fileEncoding = 4; lastKnownFileType = sourcecode.c.h; path = ServiceDetailViewController.h; sourceTree = "<group>"; };
		E6AAAFCD0FF521BF0042220A /* ServiceDetailViewController.m */ = {isa = PBXFileReference; fileEncoding = 4; lastKnownFileType = sourcecode.c.objc; path = ServiceDetailViewController.m; sourceTree = "<group>"; };
		E6AC9311117734D900E60301 /* MainWindow-iPad.xib */ = {isa = PBXFileReference; lastKnownFileType = file.xib; name = "MainWindow-iPad.xib"; path = "Resources-iPad/MainWindow-iPad.xib"; sourceTree = "<group>"; };
		E6BBD9B50FF4DAB400077E5E /* Entitlements.plist */ = {isa = PBXFileReference; fileEncoding = 4; lastKnownFileType = text.plist.xml; path = Entitlements.plist; sourceTree = "<group>"; };
		E6C626181068D21D00847E99 /* LICENSE */ = {isa = PBXFileReference; fileEncoding = 4; lastKnownFileType = text; path = LICENSE; sourceTree = "<group>"; };
		E6F2B85F1020F7390084D25B /* service_list_builder.rb */ = {isa = PBXFileReference; fileEncoding = 4; lastKnownFileType = text.script.ruby; path = service_list_builder.rb; sourceTree = "<group>"; };
/* End PBXFileReference section */

/* Begin PBXFrameworksBuildPhase section */
		1D60588F0D05DD3D006BFB54 /* Frameworks */ = {
			isa = PBXFrameworksBuildPhase;
			buildActionMask = 2147483647;
			files = (
				1D60589F0D05DD5A006BFB54 /* Foundation.framework in Frameworks */,
				1DF5F4E00D08C38300B7A737 /* UIKit.framework in Frameworks */,
				2892E4100DC94CBA00A64D0F /* CoreGraphics.framework in Frameworks */,
				E6613B911017996800EA7A4A /* SystemConfiguration.framework in Frameworks */,
			);
			runOnlyForDeploymentPostprocessing = 0;
		};
/* End PBXFrameworksBuildPhase section */

/* Begin PBXGroup section */
		080E96DDFE201D6D7F000001 /* Classes */ = {
			isa = PBXGroup;
			children = (
				1D3623240D0F684500981E51 /* FlameTouchAppDelegate.h */,
				1D3623250D0F684500981E51 /* FlameTouchAppDelegate.m */,
				28C286DF0D94DF7D0034E888 /* RootViewController.h */,
				28C286E00D94DF7D0034E888 /* RootViewController.m */,
				E6761BB40EDB1A9A00E40B14 /* ServiceViewController.h */,
				E6761BB50EDB1A9A00E40B14 /* ServiceViewController.m */,
				E6AAAFCC0FF521BF0042220A /* ServiceDetailViewController.h */,
				E6AAAFCD0FF521BF0042220A /* ServiceDetailViewController.m */,
				E6761B6E0EDB15F600E40B14 /* Host.h */,
				E6761B6F0EDB15F600E40B14 /* Host.m */,
				6CA160111020BCA700ADCEB0 /* ServiceType.h */,
				6CA160121020BCA700ADCEB0 /* ServiceType.m */,
				E60D15170EDDC2EB0054FB36 /* NSNetService+FlameExtras.h */,
				E60D15180EDDC2EB0054FB36 /* NSNetService+FlameExtras.m */,
				E6613C9B10183F2800EA7A4A /* AboutViewController.h */,
				E6613C9C10183F2800EA7A4A /* AboutViewController.m */,
				E667F0DA11DE3BED007EBBA6 /* CustomTableCell.h */,
				E667F0DB11DE3BED007EBBA6 /* CustomTableCell.m */,
			);
			path = Classes;
			sourceTree = "<group>";
		};
		19C28FACFE9D520D11CA2CBB /* Products */ = {
			isa = PBXGroup;
			children = (
				1D6058910D05DD3D006BFB54 /* Flame.app */,
			);
			name = Products;
			sourceTree = "<group>";
		};
		29B97314FDCFA39411CA2CEA /* CustomTemplate */ = {
			isa = PBXGroup;
			children = (
				6C0DA533111AD7CB0087122A /* Ideas */,
				080E96DDFE201D6D7F000001 /* Classes */,
				E6613B9910179C4C00EA7A4A /* Vendor */,
				29B97315FDCFA39411CA2CEA /* Other Sources */,
				29B97317FDCFA39411CA2CEA /* Resources Common */,
				E67D11DB11DBC32800F6234B /* Resources-iPhone */,
				E6AC9310117734D700E60301 /* Resources-iPad */,
				E67D120011DBC5A500F6234B /* Images */,
				29B97323FDCFA39411CA2CEA /* Frameworks */,
				19C28FACFE9D520D11CA2CBB /* Products */,
			);
			name = CustomTemplate;
			sourceTree = "<group>";
		};
		29B97315FDCFA39411CA2CEA /* Other Sources */ = {
			isa = PBXGroup;
			children = (
				28A0AAE50D9B0CCF005BE974 /* FlameTouch_Prefix.pch */,
				29B97316FDCFA39411CA2CEA /* main.m */,
				E6F2B85F1020F7390084D25B /* service_list_builder.rb */,
			);
			name = "Other Sources";
			sourceTree = "<group>";
		};
		29B97317FDCFA39411CA2CEA /* Resources Common */ = {
			isa = PBXGroup;
			children = (
				E6C626181068D21D00847E99 /* LICENSE */,
				E6BBD9B50FF4DAB400077E5E /* Entitlements.plist */,
				8D1107310486CEB800E47090 /* Info.plist */,
				6C296B0D1042CF7A00D84978 /* about.css */,
				6CE235FD103CAD7400DAE0F3 /* about.html */,
				6CE235AC103C986600DAE0F3 /* Localizable.strings */,
				6CE234BF103C781200DAE0F3 /* ServiceNames.strings */,
				6C2C5CDD1069602900A90A54 /* ServiceURLs.plist */,
			);
			name = "Resources Common";
			sourceTree = "<group>";
		};
		29B97323FDCFA39411CA2CEA /* Frameworks */ = {
			isa = PBXGroup;
			children = (
				E6613B901017996800EA7A4A /* SystemConfiguration.framework */,
				1DF5F4DF0D08C38300B7A737 /* UIKit.framework */,
				1D30AB110D05D00D00671497 /* Foundation.framework */,
				2892E40F0DC94CBA00A64D0F /* CoreGraphics.framework */,
			);
			name = Frameworks;
			sourceTree = "<group>";
		};
		E6613B9910179C4C00EA7A4A /* Vendor */ = {
			isa = PBXGroup;
			children = (
				E6613BA510179C8100EA7A4A /* Reachability.h */,
				E6613BA610179C8100EA7A4A /* Reachability.m */,
			);
			name = Vendor;
			sourceTree = "<group>";
		};
		E67D11DB11DBC32800F6234B /* Resources-iPhone */ = {
			isa = PBXGroup;
			children = (
				28AD735F0D9D9599002E5188 /* MainWindow.xib */,
				E6613AF410177E3500EA7A4A /* iPhone-Portrait.png */,
				6CCD4F0711DC802F005A08CD /* iPhone-Portrait@2x.png */,
			);
			name = "Resources-iPhone";
			sourceTree = "<group>";
		};
		E67D120011DBC5A500F6234B /* Images */ = {
			isa = PBXGroup;
			children = (
				E67D120111DBC5A500F6234B /* flame_128x128.png */,
				6CCD51FA11DDD7AF005A08CD /* flame_256x256.png */,
				E67D120211DBC5A500F6234B /* flame_square.psd */,
				6CCD51F911DDD7A9005A08CD /* flame.psd */,
				E67D120311DBC5A500F6234B /* flame_square_512.png */,
				E67D120411DBC5A500F6234B /* Icon_29.png */,
				E67D120511DBC5A500F6234B /* Icon_50.png */,
				E67D120611DBC5A500F6234B /* Icon_57.png */,
				6CCD4F0311DC8020005A08CD /* Icon_57@2x.png */,
				E67D120711DBC5A500F6234B /* Icon_72.png */,
			);
			path = Images;
			sourceTree = "<group>";
		};
		E6AC9310117734D700E60301 /* Resources-iPad */ = {
			isa = PBXGroup;
			children = (
				E6AC9311117734D900E60301 /* MainWindow-iPad.xib */,
				E67D11A811DBB75500F6234B /* iPad-Portrait.png */,
				E67D11A911DBB75500F6234B /* iPad-Landscape.png */,
			);
			name = "Resources-iPad";
			sourceTree = "<group>";
		};
/* End PBXGroup section */

/* Begin PBXNativeTarget section */
		1D6058900D05DD3D006BFB54 /* Flame */ = {
			isa = PBXNativeTarget;
			buildConfigurationList = 1D6058960D05DD3E006BFB54 /* Build configuration list for PBXNativeTarget "Flame" */;
			buildPhases = (
				1D60588D0D05DD3D006BFB54 /* Resources */,
				1D60588E0D05DD3D006BFB54 /* Sources */,
				1D60588F0D05DD3D006BFB54 /* Frameworks */,
			);
			buildRules = (
			);
			dependencies = (
			);
			name = Flame;
			productName = FlameTouch;
			productReference = 1D6058910D05DD3D006BFB54 /* Flame.app */;
			productType = "com.apple.product-type.application";
		};
/* End PBXNativeTarget section */

/* Begin PBXProject section */
		29B97313FDCFA39411CA2CEA /* Project object */ = {
			isa = PBXProject;
			buildConfigurationList = C01FCF4E08A954540054247B /* Build configuration list for PBXProject "FlameTouch" */;
			compatibilityVersion = "Xcode 3.1";
			hasScannedForEncodings = 1;
			knownRegions = (
				English,
				Japanese,
				French,
				German,
				en,
				de,
				fr,
			);
			mainGroup = 29B97314FDCFA39411CA2CEA /* CustomTemplate */;
			projectDirPath = "";
			projectRoot = "";
			targets = (
				1D6058900D05DD3D006BFB54 /* Flame */,
			);
		};
/* End PBXProject section */

/* Begin PBXResourcesBuildPhase section */
		1D60588D0D05DD3D006BFB54 /* Resources */ = {
			isa = PBXResourcesBuildPhase;
			buildActionMask = 2147483647;
			files = (
				6C9CB34C103DBE9400D2FDEA /* MainWindow.xib in Resources */,
				E6BBD9B60FF4DAB400077E5E /* Entitlements.plist in Resources */,
				6CE234C0103C781200DAE0F3 /* ServiceNames.strings in Resources */,
				6CE235AE103C986600DAE0F3 /* Localizable.strings in Resources */,
				6CE235FF103CAD7400DAE0F3 /* about.html in Resources */,
				6C296B0E1042CF7A00D84978 /* about.css in Resources */,
				E6C626191068D21D00847E99 /* LICENSE in Resources */,
				6C2C5CDE1069602900A90A54 /* ServiceURLs.plist in Resources */,
				E6AC9312117734D900E60301 /* MainWindow-iPad.xib in Resources */,
				E6613AF510177E3500EA7A4A /* iPhone-Portrait.png in Resources */,
				6CCD4F0A11DC802F005A08CD /* iPhone-Portrait@2x.png in Resources */,
				E67D11AA11DBB75500F6234B /* iPad-Portrait.png in Resources */,
				E67D11AB11DBB75500F6234B /* iPad-Landscape.png in Resources */,
				6CCD51FB11DDD7AF005A08CD /* flame_256x256.png in Resources */,
				E67D120B11DBC5A500F6234B /* Icon_29.png in Resources */,
				E67D120C11DBC5A500F6234B /* Icon_50.png in Resources */,
				E67D120D11DBC5A500F6234B /* Icon_57.png in Resources */,
				6CCD4F0411DC8020005A08CD /* Icon_57@2x.png in Resources */,
				E67D120E11DBC5A500F6234B /* Icon_72.png in Resources */,
			);
			runOnlyForDeploymentPostprocessing = 0;
		};
/* End PBXResourcesBuildPhase section */

/* Begin PBXSourcesBuildPhase section */
		1D60588E0D05DD3D006BFB54 /* Sources */ = {
			isa = PBXSourcesBuildPhase;
			buildActionMask = 2147483647;
			files = (
				1D60589B0D05DD56006BFB54 /* main.m in Sources */,
				1D3623260D0F684500981E51 /* FlameTouchAppDelegate.m in Sources */,
				28C286E10D94DF7D0034E888 /* RootViewController.m in Sources */,
				E6761B700EDB15F600E40B14 /* Host.m in Sources */,
				E6761BB60EDB1A9A00E40B14 /* ServiceViewController.m in Sources */,
				E60D15190EDDC2EB0054FB36 /* NSNetService+FlameExtras.m in Sources */,
				E6AAAFCE0FF521BF0042220A /* ServiceDetailViewController.m in Sources */,
				E6613BA710179C8100EA7A4A /* Reachability.m in Sources */,
				E6613C9D10183F2800EA7A4A /* AboutViewController.m in Sources */,
				6CA160131020BCA700ADCEB0 /* ServiceType.m in Sources */,
				E667F0DC11DE3BED007EBBA6 /* CustomTableCell.m in Sources */,
			);
			runOnlyForDeploymentPostprocessing = 0;
		};
/* End PBXSourcesBuildPhase section */

/* Begin PBXVariantGroup section */
		6CE234BF103C781200DAE0F3 /* ServiceNames.strings */ = {
			isa = PBXVariantGroup;
			children = (
				6CE234C1103C782400DAE0F3 /* en */,
				6CE234C2103C782700DAE0F3 /* de */,
				6C36437D1040253D00DF2197 /* fr */,
			);
			name = ServiceNames.strings;
			sourceTree = "<group>";
		};
		6CE235AC103C986600DAE0F3 /* Localizable.strings */ = {
			isa = PBXVariantGroup;
			children = (
				6CE235AD103C986600DAE0F3 /* en */,
				6CE235B2103C98A900DAE0F3 /* de */,
				6C9CB30D103DB98A00D2FDEA /* fr */,
			);
			name = Localizable.strings;
			sourceTree = "<group>";
		};
		6CE235FD103CAD7400DAE0F3 /* about.html */ = {
			isa = PBXVariantGroup;
			children = (
				6CE235FE103CAD7400DAE0F3 /* en */,
				6CE23600103CAD7E00DAE0F3 /* de */,
				6C9CB33A103DBD3900D2FDEA /* fr */,
			);
			name = about.html;
			sourceTree = "<group>";
		};
/* End PBXVariantGroup section */

/* Begin XCBuildConfiguration section */
		1D6058940D05DD3E006BFB54 /* Debug */ = {
			isa = XCBuildConfiguration;
			buildSettings = {
				ALWAYS_SEARCH_USER_PATHS = NO;
				ARCHS = "$(ARCHS_UNIVERSAL_IPHONE_OS)";
				COPY_PHASE_STRIP = NO;
				GCC_DYNAMIC_NO_PIC = NO;
				GCC_OPTIMIZATION_LEVEL = 0;
				GCC_PRECOMPILE_PREFIX_HEADER = YES;
				GCC_PREFIX_HEADER = FlameTouch_Prefix.pch;
				INFOPLIST_FILE = Info.plist;
				IPHONEOS_DEPLOYMENT_TARGET = 3.1.3;
				PRODUCT_NAME = Flame;
				SDKROOT = iphoneos4.0;
				TARGETED_DEVICE_FAMILY = "1,2";
			};
			name = Debug;
		};
		1D6058950D05DD3E006BFB54 /* Release */ = {
			isa = XCBuildConfiguration;
			buildSettings = {
				ALWAYS_SEARCH_USER_PATHS = NO;
				ARCHS = "$(ARCHS_UNIVERSAL_IPHONE_OS)";
				CODE_SIGN_ENTITLEMENTS = Entitlements.plist;
				COPY_PHASE_STRIP = YES;
				GCC_PRECOMPILE_PREFIX_HEADER = YES;
				GCC_PREFIX_HEADER = FlameTouch_Prefix.pch;
				INFOPLIST_FILE = Info.plist;
				IPHONEOS_DEPLOYMENT_TARGET = 3.1.3;
				PRODUCT_NAME = Flame;
				SDKROOT = iphoneos4.0;
				TARGETED_DEVICE_FAMILY = "1,2";
			};
			name = Release;
		};
		C01FCF4F08A954540054247B /* Debug */ = {
			isa = XCBuildConfiguration;
			buildSettings = {
				ARCHS = "$(ARCHS_STANDARD_32_BIT)";
				CODE_SIGN_IDENTITY = "iPhone Developer";
				GCC_C_LANGUAGE_STANDARD = c99;
				GCC_WARN_ABOUT_RETURN_TYPE = YES;
				GCC_WARN_UNUSED_VARIABLE = YES;
				IPHONEOS_DEPLOYMENT_TARGET = 3.1;
				ONLY_ACTIVE_ARCH = YES;
				PREBINDING = NO;
				PROVISIONING_PROFILE = "";
				SDKROOT = iphoneos4.0;
			};
			name = Debug;
		};
		C01FCF5008A954540054247B /* Release */ = {
			isa = XCBuildConfiguration;
			buildSettings = {
				ARCHS = "$(ARCHS_STANDARD_32_BIT)";
				"CODE_SIGN_IDENTITY[sdk=iphoneos*]" = "iPhone Distribution: Tom Insam";
				GCC_C_LANGUAGE_STANDARD = c99;
				GCC_WARN_ABOUT_RETURN_TYPE = YES;
				GCC_WARN_UNUSED_VARIABLE = YES;
				PREBINDING = NO;
				"PROVISIONING_PROFILE[sdk=iphoneos*]" = "ADBA976D-08DA-4085-96A1-AF5A32394A67";
				SDKROOT = iphoneos3.0;
			};
			name = Release;
		};
		E6BBD9B10FF4DA6400077E5E /* AdHoc */ = {
			isa = XCBuildConfiguration;
			buildSettings = {
				ARCHS = "$(ARCHS_STANDARD_32_BIT)";
				CODE_SIGN_IDENTITY = "iPhone Developer";
				GCC_C_LANGUAGE_STANDARD = c99;
				GCC_WARN_ABOUT_RETURN_TYPE = YES;
				GCC_WARN_UNUSED_VARIABLE = YES;
				PREBINDING = NO;
				PROVISIONING_PROFILE = "";
				SDKROOT = iphoneos3.2;
			};
			name = AdHoc;
		};
		E6BBD9B20FF4DA6400077E5E /* AdHoc */ = {
			isa = XCBuildConfiguration;
			buildSettings = {
				ALWAYS_SEARCH_USER_PATHS = NO;
				ARCHS = "$(ARCHS_UNIVERSAL_IPHONE_OS)";
				CODE_SIGN_ENTITLEMENTS = Entitlements.plist;
				COPY_PHASE_STRIP = YES;
				GCC_PRECOMPILE_PREFIX_HEADER = YES;
				GCC_PREFIX_HEADER = FlameTouch_Prefix.pch;
				INFOPLIST_FILE = Info.plist;
				IPHONEOS_DEPLOYMENT_TARGET = 3.1.3;
				PRODUCT_NAME = Flame;
				SDKROOT = iphoneos4.0;
				TARGETED_DEVICE_FAMILY = "1,2";
			};
			name = AdHoc;
		};
/* End XCBuildConfiguration section */

/* Begin XCConfigurationList section */
		1D6058960D05DD3E006BFB54 /* Build configuration list for PBXNativeTarget "Flame" */ = {
			isa = XCConfigurationList;
			buildConfigurations = (
				1D6058940D05DD3E006BFB54 /* Debug */,
				E6BBD9B20FF4DA6400077E5E /* AdHoc */,
				1D6058950D05DD3E006BFB54 /* Release */,
			);
			defaultConfigurationIsVisible = 0;
			defaultConfigurationName = Release;
		};
		C01FCF4E08A954540054247B /* Build configuration list for PBXProject "FlameTouch" */ = {
			isa = XCConfigurationList;
			buildConfigurations = (
				C01FCF4F08A954540054247B /* Debug */,
				E6BBD9B10FF4DA6400077E5E /* AdHoc */,
				C01FCF5008A954540054247B /* Release */,
			);
			defaultConfigurationIsVisible = 0;
			defaultConfigurationName = Release;
		};
/* End XCConfigurationList section */
	};
	rootObject = 29B97313FDCFA39411CA2CEA /* Project object */;
}
